
Microsoft Visual Studio Solution File, Format Version 12.00
# Visual Studio 14
VisualStudioVersion = 14.0.23107.0
MinimumVisualStudioVersion = 10.0.40219.1
Project("{FAE04EC0-301F-11D3-BF4B-00C04F79EFBC}") = "SIT.KeShe.PC", "SIT.KeShe.PC\SIT.KeShe.PC.csproj", "{8EA37177-5A30-4B2E-800C-BDC8BAE303A5}"
EndProject
Project("{FAE04EC0-301F-11D3-BF4B-00C04F79EFBC}") = "SIT.KeShe.Web.DAL", "SIT.KeShe.Web.DAL\SIT.KeShe.Web.DAL.csproj", "{A4680929-F6E4-4296-8B7F-BC21335B4907}"
EndProject
Project("{FAE04EC0-301F-11D3-BF4B-00C04F79EFBC}") = "SIT.KeShe.Web.BLL", "SIT.KeShe.Web.BLL\SIT.KeShe.Web.BLL.csproj", "{8F1C76DE-806B-4AA5-9139-5AAA07263F18}"
EndProject
Project("{FAE04EC0-301F-11D3-BF4B-00C04F79EFBC}") = "SIT.KeShe.Web.Model", "SIT.KeShe.Web.Model\SIT.KeShe.Web.Model.csproj", "{0217F103-8EC8-4595-A629-D84EFCE134EE}"
EndProject
Project("{FAE04EC0-301F-11D3-BF4B-00C04F79EFBC}") = "SIT.KeShe.Web.WebApp", "SIT.KeShe.Web.WebApp\SIT.KeShe.Web.WebApp.csproj", "{D28A6259-B0E7-4307-AB80-9CA8FBF9F765}"
EndProject
Project("{FAE04EC0-301F-11D3-BF4B-00C04F79EFBC}") = "SIT.KeShe.Web.WebApp2.0", "SIT.KeShe.Web.WebApp2.0\SIT.KeShe.Web.WebApp2.0.csproj", "{8D2E0ABF-A6AF-4C38-A49D-E52C8C303C7D}"
EndProject
Global
	GlobalSection(SolutionConfigurationPlatforms) = preSolution
		Debug|Any CPU = Debug|Any CPU
		Release|Any CPU = Release|Any CPU
	EndGlobalSection
	GlobalSection(ProjectConfigurationPlatforms) = postSolution
		{8EA37177-5A30-4B2E-800C-BDC8BAE303A5}.Debug|Any CPU.ActiveCfg = Debug|Any CPU
		{8EA37177-5A30-4B2E-800C-BDC8BAE303A5}.Debug|Any CPU.Build.0 = Debug|Any CPU
		{8EA37177-5A30-4B2E-800C-BDC8BAE303A5}.Release|Any CPU.ActiveCfg = Release|Any CPU
		{8EA37177-5A30-4B2E-800C-BDC8BAE303A5}.Release|Any CPU.Build.0 = Release|Any CPU
		{A4680929-F6E4-4296-8B7F-BC21335B4907}.Debug|Any CPU.ActiveCfg = Debug|Any CPU
		{A4680929-F6E4-4296-8B7F-BC21335B4907}.Debug|Any CPU.Build.0 = Debug|Any CPU
		{A4680929-F6E4-4296-8B7F-BC21335B4907}.Release|Any CPU.ActiveCfg = Release|Any CPU
		{A4680929-F6E4-4296-8B7F-BC21335B4907}.Release|Any CPU.Build.0 = Release|Any CPU
		{8F1C76DE-806B-4AA5-9139-5AAA07263F18}.Debug|Any CPU.ActiveCfg = Debug|Any CPU
		{8F1C76DE-806B-4AA5-9139-5AAA07263F18}.Debug|Any CPU.Build.0 = Debug|Any CPU
		{8F1C76DE-806B-4AA5-9139-5AAA07263F18}.Release|Any CPU.ActiveCfg = Release|Any CPU
		{8F1C76DE-806B-4AA5-9139-5AAA07263F18}.Release|Any CPU.Build.0 = Release|Any CPU
		{0217F103-8EC8-4595-A629-D84EFCE134EE}.Debug|Any CPU.ActiveCfg = Debug|Any CPU
		{0217F103-8EC8-4595-A629-D84EFCE134EE}.Debug|Any CPU.Build.0 = Debug|Any CPU
		{0217F103-8EC8-4595-A629-D84EFCE134EE}.Release|Any CPU.ActiveCfg = Release|Any CPU
		{0217F103-8EC8-4595-A629-D84EFCE134EE}.Release|Any CPU.Build.0 = Release|Any CPU
		{D28A6259-B0E7-4307-AB80-9CA8FBF9F765}.Debug|Any CPU.ActiveCfg = Debug|Any CPU
		{D28A6259-B0E7-4307-AB80-9CA8FBF9F765}.Debug|Any CPU.Build.0 = Debug|Any CPU
		{D28A6259-B0E7-4307-AB80-9CA8FBF9F765}.Release|Any CPU.ActiveCfg = Release|Any CPU
		{D28A6259-B0E7-4307-AB80-9CA8FBF9F765}.Release|Any CPU.Build.0 = Release|Any CPU
		{8D2E0ABF-A6AF-4C38-A49D-E52C8C303C7D}.Debug|Any CPU.ActiveCfg = Debug|Any CPU
		{8D2E0ABF-A6AF-4C38-A49D-E52C8C303C7D}.Debug|Any CPU.Build.0 = Debug|Any CPU
		{8D2E0ABF-A6AF-4C38-A49D-E52C8C303C7D}.Release|Any CPU.ActiveCfg = Release|Any CPU
		{8D2E0ABF-A6AF-4C38-A49D-E52C8C303C7D}.Release|Any CPU.Build.0 = Release|Any CPU
	EndGlobalSection
	GlobalSection(SolutionProperties) = preSolution
		HideSolutionNode = FALSE
	EndGlobalSection
EndGlobal
